<?xml version="1.0" encoding="utf-8"?>
<Project ToolsVersion="4.0" xmlns="http://schemas.microsoft.com/developer/msbuild/2003">
  <ItemGroup>
    <Filter Include="header">
      <UniqueIdentifier>{a63eecde-0db4-4729-8f87-2ea050c10684}</UniqueIdentifier>
    </Filter>
    <Filter Include="cpps">
      <UniqueIdentifier>{e5a3cbbe-c27b-4fb2-be02-b2ed34656d9f}</UniqueIdentifier>
    </Filter>
  </ItemGroup>
  <ItemGroup>
    <ClCompile Include="main.cpp">
      <Filter>cpps</Filter>
    </ClCompile>
  </ItemGroup>
  <ItemGroup>
    <ClInclude Include="neural_network.hpp">
      <Filter>header</Filter>
    </ClInclude>
  </ItemGroup>
</Project>