<?xml version="1.0" encoding="utf-8"?>
<Project ToolsVersion="4.0" xmlns="http://schemas.microsoft.com/developer/msbuild/2003">
  <ItemGroup>
    <Filter Include="header">
      <UniqueIdentifier>{a63eecde-0db4-4729-8f87-2ea050c10684}</UniqueIdentifier>
    </Filter>
    <Filter Include="source">
      <UniqueIdentifier>{e5a3cbbe-c27b-4fb2-be02-b2ed34656d9f}</UniqueIdentifier>
    </Filter>
    <Filter Include="source\main">
      <UniqueIdentifier>{24b2a962-c13f-497d-90e6-539f67ffc49d}</UniqueIdentifier>
    </Filter>
    <Filter Include="header\layer">
      <UniqueIdentifier>{33ad602b-68e6-4bc1-80e0-d86ee4ce9aa9}</UniqueIdentifier>
    </Filter>
    <Filter Include="source\layer">
      <UniqueIdentifier>{9aba3599-d721-45cc-8853-a31eb9c906f2}</UniqueIdentifier>
    </Filter>
    <Filter Include="header\interpreter">
      <UniqueIdentifier>{4493d712-00a9-4ea2-b6c3-a30ee1625692}</UniqueIdentifier>
    </Filter>
    <Filter Include="source\interpreter">
      <UniqueIdentifier>{a8678af0-4071-4bc7-bca1-39971005b21b}</UniqueIdentifier>
    </Filter>
    <Filter Include="header\interpreter\implementations">
      <UniqueIdentifier>{73df8bb2-4295-41ba-a441-eef1e14f0e35}</UniqueIdentifier>
    </Filter>
    <Filter Include="source\interpreter\implementations">
      <UniqueIdentifier>{a5912895-bee8-405d-b7d0-99774f63d28d}</UniqueIdentifier>
    </Filter>
    <Filter Include="header\training">
      <UniqueIdentifier>{92c55fbc-6f90-47d4-bb0f-5d41ffb8cb0e}</UniqueIdentifier>
    </Filter>
    <Filter Include="source\training">
      <UniqueIdentifier>{969ceefe-1c70-4fd6-88fb-41e2b0bae323}</UniqueIdentifier>
    </Filter>
    <Filter Include="source\training\implementations">
      <UniqueIdentifier>{2e858b0a-339e-4e7b-8a3b-63a9fa1a116d}</UniqueIdentifier>
    </Filter>
    <Filter Include="header\training\implementations">
      <UniqueIdentifier>{1e7706b8-0b06-4be1-9541-858ad6e86e3e}</UniqueIdentifier>
    </Filter>
    <Filter Include="source\training\implementations\digit_recognition">
      <UniqueIdentifier>{de6a9ad8-14bc-45de-9674-289f29f71116}</UniqueIdentifier>
    </Filter>
    <Filter Include="header\training\implementations\digit_recognition">
      <UniqueIdentifier>{e91720dc-231c-4258-a36b-dcd822ef0161}</UniqueIdentifier>
    </Filter>
    <Filter Include="header\testing">
      <UniqueIdentifier>{0f7eb64a-22c6-48ca-80fc-69ae81bc4595}</UniqueIdentifier>
    </Filter>
    <Filter Include="source\testing">
      <UniqueIdentifier>{be512c61-7789-413f-bd35-a745055b82c1}</UniqueIdentifier>
    </Filter>
    <Filter Include="header\layer\base">
      <UniqueIdentifier>{ee7c71c0-322b-4418-b786-6bba997d9d37}</UniqueIdentifier>
    </Filter>
    <Filter Include="header\gpu">
      <UniqueIdentifier>{416e848e-86b1-4d92-b278-77a91d946757}</UniqueIdentifier>
    </Filter>
    <Filter Include="source\gpu">
      <UniqueIdentifier>{563228e2-f328-47fe-b959-3be8bba7e3b6}</UniqueIdentifier>
    </Filter>
  </ItemGroup>
  <ItemGroup>
    <ClCompile Include="neural_network.cpp">
      <Filter>source</Filter>
    </ClCompile>
    <ClCompile Include="main.cpp">
      <Filter>source\main</Filter>
    </ClCompile>
    <ClCompile Include="matrix.cpp">
      <Filter>source</Filter>
    </ClCompile>
    <ClCompile Include="pooling_layer.cpp">
      <Filter>source\layer</Filter>
    </ClCompile>
    <ClCompile Include="fully_connected_layer.cpp">
      <Filter>source\layer</Filter>
    </ClCompile>
    <ClCompile Include="convolutional_layer.cpp">
      <Filter>source\layer</Filter>
    </ClCompile>
    <ClCompile Include="math_functions.cpp">
      <Filter>source</Filter>
    </ClCompile>
    <ClCompile Include="layer.cpp">
      <Filter>source\layer</Filter>
    </ClCompile>
    <ClCompile Include="interpreter.cpp">
      <Filter>source\interpreter</Filter>
    </ClCompile>
    <ClCompile Include="digit_interpreter.cpp">
      <Filter>source\interpreter\implementations</Filter>
    </ClCompile>
    <ClCompile Include="util.cpp">
      <Filter>source</Filter>
    </ClCompile>
    <ClCompile Include="nn_data.cpp">
      <Filter>source\training</Filter>
    </ClCompile>
    <ClCompile Include="digit_data.cpp">
      <Filter>source\training\implementations\digit_recognition</Filter>
    </ClCompile>
    <ClCompile Include="digit_training_data.cpp">
      <Filter>source\training\implementations\digit_recognition</Filter>
    </ClCompile>
    <ClCompile Include="test_result.cpp">
      <Filter>source\testing</Filter>
    </ClCompile>
    <ClCompile Include="batch_handler.cpp">
      <Filter>source\training</Filter>
    </ClCompile>
    <ClCompile Include="data_space.cpp">
      <Filter>source\training</Filter>
    </ClCompile>
  </ItemGroup>
  <ItemGroup>
    <ClInclude Include="neural_network.hpp">
      <Filter>header</Filter>
    </ClInclude>
    <ClInclude Include="matrix.hpp">
      <Filter>header</Filter>
    </ClInclude>
    <ClInclude Include="math_functions.hpp">
      <Filter>header</Filter>
    </ClInclude>
    <ClInclude Include="fully_connected_layer.hpp">
      <Filter>header\layer</Filter>
    </ClInclude>
    <ClInclude Include="interpreter.hpp">
      <Filter>header\interpreter</Filter>
    </ClInclude>
    <ClInclude Include="digit_interpreter.hpp">
      <Filter>header\interpreter\implementations</Filter>
    </ClInclude>
    <ClInclude Include="util.hpp">
      <Filter>header</Filter>
    </ClInclude>
    <ClInclude Include="nn_data.hpp">
      <Filter>header\training</Filter>
    </ClInclude>
    <ClInclude Include="digit_data.hpp">
      <Filter>header\training\implementations\digit_recognition</Filter>
    </ClInclude>
    <ClInclude Include="digit_training_data.hpp">
      <Filter>header\training\implementations\digit_recognition</Filter>
    </ClInclude>
    <ClInclude Include="test_result.hpp">
      <Filter>header\testing</Filter>
    </ClInclude>
    <ClInclude Include="batch_handler.hpp">
      <Filter>header\training</Filter>
    </ClInclude>
    <ClInclude Include="layer.hpp">
      <Filter>header\layer\base</Filter>
    </ClInclude>
    <ClInclude Include="gpu_math.cuh">
      <Filter>header\gpu</Filter>
    </ClInclude>
    <ClInclude Include="pooling_layer.hpp">
      <Filter>header\layer</Filter>
    </ClInclude>
    <ClInclude Include="gpu_memory.cuh">
      <Filter>header\gpu</Filter>
    </ClInclude>
    <ClInclude Include="convolutional_layer.hpp">
      <Filter>header\layer</Filter>
    </ClInclude>
    <ClInclude Include="gpu_nn_data_block.cuh">
      <Filter>header\gpu</Filter>
    </ClInclude>
    <ClInclude Include="gpu_matrix.cuh">
      <Filter>header\gpu</Filter>
    </ClInclude>
    <ClInclude Include="data_space.hpp">
      <Filter>header\training</Filter>
    </ClInclude>
  </ItemGroup>
  <ItemGroup>
    <CudaCompile Include="gpu_math.cu">
      <Filter>source\gpu</Filter>
    </CudaCompile>
    <CudaCompile Include="gpu_nn_data_block.cu">
      <Filter>source\gpu</Filter>
    </CudaCompile>
    <CudaCompile Include="gpu_matrix.cu">
      <Filter>source\gpu</Filter>
    </CudaCompile>
  </ItemGroup>
</Project>