<?xml version="1.0" encoding="utf-8"?>
<Project ToolsVersion="4.0" xmlns="http://schemas.microsoft.com/developer/msbuild/2003">
  <ItemGroup>
    <Filter Include="Header Files">
      <UniqueIdentifier>{a8efcf25-b9fd-41bb-b2cb-e2d4a207688c}</UniqueIdentifier>
    </Filter>
    <Filter Include="Source Files">
      <UniqueIdentifier>{b5fdb239-3efb-467c-9bf1-a96a0f305276}</UniqueIdentifier>
    </Filter>
    <Filter Include="Header Files\layer">
      <UniqueIdentifier>{d2643ce9-a95e-4212-a4f5-8a81417d6611}</UniqueIdentifier>
    </Filter>
    <Filter Include="Source Files\layer">
      <UniqueIdentifier>{5ba9efc1-a72c-4775-8845-3e23456b2ee0}</UniqueIdentifier>
    </Filter>
    <Filter Include="Source Files\matrix">
      <UniqueIdentifier>{b11a22d7-ed90-4dbc-a71a-976a5aec6928}</UniqueIdentifier>
    </Filter>
    <Filter Include="Header Files\matrix">
      <UniqueIdentifier>{ab606a8c-1a86-4e19-be93-e8191d2bb6a0}</UniqueIdentifier>
    </Filter>
    <Filter Include="Header Files\util">
      <UniqueIdentifier>{b1ceb066-e72c-45bf-a09f-a9f5fa203127}</UniqueIdentifier>
    </Filter>
    <Filter Include="Source Files\util">
      <UniqueIdentifier>{9de471a0-1578-4826-9db7-622d878aff7b}</UniqueIdentifier>
    </Filter>
    <Filter Include="Header Files\nnet">
      <UniqueIdentifier>{fa55945a-71be-49f6-8c50-1bd1394715b1}</UniqueIdentifier>
    </Filter>
    <Filter Include="Source Files\nnet">
      <UniqueIdentifier>{f2cc82d1-3d73-4467-84b6-1918feabf59a}</UniqueIdentifier>
    </Filter>
    <Filter Include="Header Files\model">
      <UniqueIdentifier>{ce562647-439e-476c-9016-7bbde1d49f9e}</UniqueIdentifier>
    </Filter>
    <Filter Include="Source Files\model">
      <UniqueIdentifier>{162cd134-3bc9-488d-ba94-22fba6747c30}</UniqueIdentifier>
    </Filter>
  </ItemGroup>
  <ItemGroup>
    <ClInclude Include="code\layer.hpp">
      <Filter>Header Files\layer</Filter>
    </ClInclude>
    <ClInclude Include="code\fully_connected_layer.hpp">
      <Filter>Header Files\layer</Filter>
    </ClInclude>
    <ClInclude Include="code\convolutional_layer.hpp">
      <Filter>Header Files\layer</Filter>
    </ClInclude>
    <ClInclude Include="code\pooling_layer.hpp">
      <Filter>Header Files\layer</Filter>
    </ClInclude>
    <ClInclude Include="code\matrix.hpp">
      <Filter>Header Files\matrix</Filter>
    </ClInclude>
    <ClInclude Include="code\gpu_math.cuh">
      <Filter>Header Files\matrix</Filter>
    </ClInclude>
    <ClInclude Include="code\vector3.hpp">
      <Filter>Header Files\matrix</Filter>
    </ClInclude>
    <ClInclude Include="code\util.hpp">
      <Filter>Header Files\util</Filter>
    </ClInclude>
    <ClInclude Include="code\test_result.hpp">
      <Filter>Header Files\util</Filter>
    </ClInclude>
    <ClInclude Include="code\math_functions.hpp">
      <Filter>Header Files\util</Filter>
    </ClInclude>
    <ClInclude Include="code\enum_space.hpp">
      <Filter>Header Files\util</Filter>
    </ClInclude>
    <ClInclude Include="code\data_space.hpp">
      <Filter>Header Files\nnet</Filter>
    </ClInclude>
    <ClInclude Include="code\neural_network.hpp">
      <Filter>Header Files\nnet</Filter>
    </ClInclude>
    <ClInclude Include="..\models\mnist_digit_images\mnist_digit_overlord.hpp">
      <Filter>Header Files\model</Filter>
    </ClInclude>
  </ItemGroup>
  <ItemGroup>
    <ClCompile Include="code\layer.cpp">
      <Filter>Source Files\layer</Filter>
    </ClCompile>
    <ClCompile Include="code\pooling_layer.cpp">
      <Filter>Source Files\layer</Filter>
    </ClCompile>
    <ClCompile Include="code\fully_connected_layer.cpp">
      <Filter>Source Files\layer</Filter>
    </ClCompile>
    <ClCompile Include="code\convolutional_layer.cpp">
      <Filter>Source Files\layer</Filter>
    </ClCompile>
    <ClCompile Include="code\matrix.cpp">
      <Filter>Source Files\matrix</Filter>
    </ClCompile>
    <ClCompile Include="code\vector3.cpp">
      <Filter>Source Files\matrix</Filter>
    </ClCompile>
    <ClCompile Include="code\math_functions.cpp">
      <Filter>Source Files\util</Filter>
    </ClCompile>
    <ClCompile Include="code\util.cpp">
      <Filter>Source Files\util</Filter>
    </ClCompile>
    <ClCompile Include="code\test_result.cpp">
      <Filter>Source Files\util</Filter>
    </ClCompile>
    <ClCompile Include="code\neural_network.cpp">
      <Filter>Source Files\nnet</Filter>
    </ClCompile>
    <ClCompile Include="code\data_space.cpp">
      <Filter>Source Files\nnet</Filter>
    </ClCompile>
    <ClCompile Include="main.cpp">
      <Filter>Source Files</Filter>
    </ClCompile>
    <ClCompile Include="..\models\mnist_digit_images\mnist_digit_overlord.cpp">
      <Filter>Source Files\model</Filter>
    </ClCompile>
  </ItemGroup>
  <ItemGroup>
    <CudaCompile Include="code\gpu_math.cu">
      <Filter>Source Files\matrix</Filter>
    </CudaCompile>
  </ItemGroup>
</Project>