
Microsoft Visual Studio Solution File, Format Version 12.00
# Visual Studio Version 17
VisualStudioVersion = 17.4.33213.308
MinimumVisualStudioVersion = 10.0.40219.1
Project("{8BC9CEB8-8B4A-11D0-8D11-00A0C91BC942}") = "ConvolutionalNeuralNetwork", "ConvolutionalNeuralNetwork\ConvolutionalNeuralNetwork.vcxproj", "{48535A13-B99F-4D97-8066-3C121550564E}"
EndProject
Project("{8BC9CEB8-8B4A-11D0-8D11-00A0C91BC942}") = "CNN_Test", "CNN_Test\CNN_Test.vcxproj", "{F6A6985F-B1EF-4FD5-9F3F-F69534B4D033}"
EndProject
Global
	GlobalSection(SolutionConfigurationPlatforms) = preSolution
		Debug|x64 = Debug|x64
		Debug|x86 = Debug|x86
		Release|x64 = Release|x64
		Release|x86 = Release|x86
	EndGlobalSection
	GlobalSection(ProjectConfigurationPlatforms) = postSolution
		{48535A13-B99F-4D97-8066-3C121550564E}.Debug|x64.ActiveCfg = Debug|x64
		{48535A13-B99F-4D97-8066-3C121550564E}.Debug|x64.Build.0 = Debug|x64
		{48535A13-B99F-4D97-8066-3C121550564E}.Debug|x86.ActiveCfg = Debug|x64
		{48535A13-B99F-4D97-8066-3C121550564E}.Debug|x86.Build.0 = Debug|x64
		{48535A13-B99F-4D97-8066-3C121550564E}.Release|x64.ActiveCfg = Release|x64
		{48535A13-B99F-4D97-8066-3C121550564E}.Release|x64.Build.0 = Release|x64
		{48535A13-B99F-4D97-8066-3C121550564E}.Release|x86.ActiveCfg = Release|x64
		{48535A13-B99F-4D97-8066-3C121550564E}.Release|x86.Build.0 = Release|x64
		{F6A6985F-B1EF-4FD5-9F3F-F69534B4D033}.Debug|x64.ActiveCfg = Debug|x64
		{F6A6985F-B1EF-4FD5-9F3F-F69534B4D033}.Debug|x64.Build.0 = Debug|x64
		{F6A6985F-B1EF-4FD5-9F3F-F69534B4D033}.Debug|x86.ActiveCfg = Debug|Win32
		{F6A6985F-B1EF-4FD5-9F3F-F69534B4D033}.Debug|x86.Build.0 = Debug|Win32
		{F6A6985F-B1EF-4FD5-9F3F-F69534B4D033}.Release|x64.ActiveCfg = Release|x64
		{F6A6985F-B1EF-4FD5-9F3F-F69534B4D033}.Release|x64.Build.0 = Release|x64
		{F6A6985F-B1EF-4FD5-9F3F-F69534B4D033}.Release|x86.ActiveCfg = Release|Win32
		{F6A6985F-B1EF-4FD5-9F3F-F69534B4D033}.Release|x86.Build.0 = Release|Win32
	EndGlobalSection
	GlobalSection(SolutionProperties) = preSolution
		HideSolutionNode = FALSE
	EndGlobalSection
	GlobalSection(ExtensibilityGlobals) = postSolution
		SolutionGuid = {603E03B5-62AA-4256-A4D5-D6F37E8F8783}
	EndGlobalSection
EndGlobal
