<?xml version="1.0" encoding="utf-8"?>
<Project ToolsVersion="4.0" xmlns="http://schemas.microsoft.com/developer/msbuild/2003">
  <ItemGroup>
    <Filter Include="Source Files">
      <UniqueIdentifier>{4FC737F1-C7A5-4376-A066-2A32D752A2FF}</UniqueIdentifier>
      <Extensions>cpp;c;cc;cxx;c++;cppm;ixx;def;odl;idl;hpj;bat;asm;asmx</Extensions>
    </Filter>
    <Filter Include="Header Files">
      <UniqueIdentifier>{93995380-89BD-4b04-88EB-625FBE52EBFB}</UniqueIdentifier>
      <Extensions>h;hh;hpp;hxx;h++;hm;inl;inc;ipp;xsd</Extensions>
    </Filter>
    <Filter Include="Resource Files">
      <UniqueIdentifier>{67DA6AB6-F800-4c08-8B7A-83BB121AAD01}</UniqueIdentifier>
      <Extensions>rc;ico;cur;bmp;dlg;rc2;rct;bin;rgs;gif;jpg;jpeg;jpe;resx;tiff;tif;png;wav;mfcribbon-ms</Extensions>
    </Filter>
    <Filter Include="Source Files\test">
      <UniqueIdentifier>{cb7fa77d-9b2e-4863-915b-494b9f6d69fa}</UniqueIdentifier>
    </Filter>
    <Filter Include="Source Files\test\test_util">
      <UniqueIdentifier>{5e8b2e92-f8a4-4879-9008-afd62e680323}</UniqueIdentifier>
    </Filter>
    <Filter Include="Source Files\nn">
      <UniqueIdentifier>{8a031255-cebe-4049-a0be-eefa717d6910}</UniqueIdentifier>
    </Filter>
    <Filter Include="Header Files\nn">
      <UniqueIdentifier>{f49ca4c5-990d-4eb1-855c-2401c56495e4}</UniqueIdentifier>
    </Filter>
  </ItemGroup>
  <ItemGroup>
    <ClCompile Include="CNN_Test.cpp">
      <Filter>Source Files\test</Filter>
    </ClCompile>
    <ClCompile Include="matrix_test.cpp">
      <Filter>Source Files\test</Filter>
    </ClCompile>
    <ClCompile Include="fc_layer_test.cpp">
      <Filter>Source Files\test</Filter>
    </ClCompile>
    <ClCompile Include="math_test.cpp">
      <Filter>Source Files\test</Filter>
    </ClCompile>
    <ClCompile Include="pooling_layer_test.cpp">
      <Filter>Source Files\test</Filter>
    </ClCompile>
    <ClCompile Include="convolutional_layer_test.cpp">
      <Filter>Source Files\test</Filter>
    </ClCompile>
    <ClCompile Include="layer_test.cpp">
      <Filter>Source Files\test</Filter>
    </ClCompile>
    <ClCompile Include="model_test.cpp">
      <Filter>Source Files\test</Filter>
    </ClCompile>
    <ClCompile Include="gpu_test.cpp">
      <Filter>Source Files\test</Filter>
    </ClCompile>
    <ClCompile Include="test_util.cpp">
      <Filter>Source Files\test\test_util</Filter>
    </ClCompile>
    <ClCompile Include="data_space_test.cpp">
      <Filter>Source Files\test</Filter>
    </ClCompile>
    <ClCompile Include="nn_test.cpp">
      <Filter>Source Files\test</Filter>
    </ClCompile>
    <ClCompile Include="..\ConvolutionalNeuralNetwork\code\pooling_layer.cpp">
      <Filter>Source Files\nn</Filter>
    </ClCompile>
    <ClCompile Include="..\ConvolutionalNeuralNetwork\code\matrix.cpp">
      <Filter>Source Files\nn</Filter>
    </ClCompile>
    <ClCompile Include="..\ConvolutionalNeuralNetwork\code\util.cpp">
      <Filter>Source Files\nn</Filter>
    </ClCompile>
    <ClCompile Include="..\ConvolutionalNeuralNetwork\code\neural_network.cpp">
      <Filter>Source Files\nn</Filter>
    </ClCompile>
    <ClCompile Include="..\ConvolutionalNeuralNetwork\code\layer.cpp">
      <Filter>Source Files\nn</Filter>
    </ClCompile>
    <ClCompile Include="..\ConvolutionalNeuralNetwork\code\vector3.cpp">
      <Filter>Source Files\nn</Filter>
    </ClCompile>
    <ClCompile Include="..\ConvolutionalNeuralNetwork\code\convolutional_layer.cpp">
      <Filter>Source Files\nn</Filter>
    </ClCompile>
    <ClCompile Include="..\ConvolutionalNeuralNetwork\code\fully_connected_layer.cpp">
      <Filter>Source Files\nn</Filter>
    </ClCompile>
    <ClCompile Include="..\ConvolutionalNeuralNetwork\code\data_space.cpp">
      <Filter>Source Files\nn</Filter>
    </ClCompile>
    <ClCompile Include="..\ConvolutionalNeuralNetwork\code\test_result.cpp">
      <Filter>Source Files\nn</Filter>
    </ClCompile>
    <ClCompile Include="..\ConvolutionalNeuralNetwork\code\math_functions.cpp">
      <Filter>Source Files\nn</Filter>
    </ClCompile>
  </ItemGroup>
  <ItemGroup>
    <ClInclude Include="test_util.hpp">
      <Filter>Source Files\test\test_util</Filter>
    </ClInclude>
    <ClInclude Include="..\ConvolutionalNeuralNetwork\code\matrix.hpp">
      <Filter>Header Files\nn</Filter>
    </ClInclude>
    <ClInclude Include="..\ConvolutionalNeuralNetwork\code\util.hpp">
      <Filter>Header Files\nn</Filter>
    </ClInclude>
    <ClInclude Include="..\ConvolutionalNeuralNetwork\code\layer.hpp">
      <Filter>Header Files\nn</Filter>
    </ClInclude>
    <ClInclude Include="..\ConvolutionalNeuralNetwork\code\vector3.hpp">
      <Filter>Header Files\nn</Filter>
    </ClInclude>
    <ClInclude Include="..\ConvolutionalNeuralNetwork\code\enum_space.hpp">
      <Filter>Header Files\nn</Filter>
    </ClInclude>
    <ClInclude Include="..\ConvolutionalNeuralNetwork\code\pooling_layer.hpp">
      <Filter>Header Files\nn</Filter>
    </ClInclude>
    <ClInclude Include="..\ConvolutionalNeuralNetwork\code\math_functions.hpp">
      <Filter>Header Files\nn</Filter>
    </ClInclude>
    <ClInclude Include="..\ConvolutionalNeuralNetwork\code\neural_network.hpp">
      <Filter>Header Files\nn</Filter>
    </ClInclude>
    <ClInclude Include="..\ConvolutionalNeuralNetwork\code\convolutional_layer.hpp">
      <Filter>Header Files\nn</Filter>
    </ClInclude>
    <ClInclude Include="..\ConvolutionalNeuralNetwork\code\fully_connected_layer.hpp">
      <Filter>Header Files\nn</Filter>
    </ClInclude>
    <ClInclude Include="..\ConvolutionalNeuralNetwork\code\data_space.hpp">
      <Filter>Header Files\nn</Filter>
    </ClInclude>
    <ClInclude Include="..\ConvolutionalNeuralNetwork\code\test_result.hpp">
      <Filter>Header Files\nn</Filter>
    </ClInclude>
    <ClInclude Include="..\ConvolutionalNeuralNetwork\code\gpu_math.cuh">
      <Filter>Header Files\nn</Filter>
    </ClInclude>
  </ItemGroup>
  <ItemGroup>
    <CudaCompile Include="..\ConvolutionalNeuralNetwork\code\gpu_math.cu">
      <Filter>Source Files\nn</Filter>
    </CudaCompile>
  </ItemGroup>
</Project>